
Microsoft Visual Studio Solution File, Format Version 12.00
# Visual Studio Version 17
VisualStudioVersion = 17.4.33213.308
MinimumVisualStudioVersion = 10.0.40219.1
Project("{9A19103F-16F7-4668-BE54-9A1E7A4F7556}") = "cosmos-copilot.AppHost", "cosmos-copilot.AppHost\cosmos-copilot.AppHost.csproj", "{FA8CBED7-7D23-4936-A4BC-7C910CEF074E}"
EndProject
Project("{9A19103F-16F7-4668-BE54-9A1E7A4F7556}") = "cosmos-copilot.ServiceDefaults", "cosmos-copilot.ServiceDefaults\cosmos-copilot.ServiceDefaults.csproj", "{3BD36A7B-6692-4984-AC15-323F47D23C4A}"
EndProject
Project("{9A19103F-16F7-4668-BE54-9A1E7A4F7556}") = "cosmos-copilot.WebApp", "cosmos-copilot.WebApp\cosmos-copilot.WebApp.csproj", "{1EFFAAEE-E02F-4CFA-B1CC-40C07190EFA8}"
EndProject
Global
	GlobalSection(SolutionConfigurationPlatforms) = preSolution
		Debug|Any CPU = Debug|Any CPU
		Release|Any CPU = Release|Any CPU
	EndGlobalSection
	GlobalSection(ProjectConfigurationPlatforms) = postSolution
		{FA8CBED7-7D23-4936-A4BC-7C910CEF074E}.Debug|Any CPU.ActiveCfg = Debug|Any CPU
		{FA8CBED7-7D23-4936-A4BC-7C910CEF074E}.Debug|Any CPU.Build.0 = Debug|Any CPU
		{FA8CBED7-7D23-4936-A4BC-7C910CEF074E}.Release|Any CPU.ActiveCfg = Release|Any CPU
		{FA8CBED7-7D23-4936-A4BC-7C910CEF074E}.Release|Any CPU.Build.0 = Release|Any CPU
		{3BD36A7B-6692-4984-AC15-323F47D23C4A}.Debug|Any CPU.ActiveCfg = Debug|Any CPU
		{3BD36A7B-6692-4984-AC15-323F47D23C4A}.Debug|Any CPU.Build.0 = Debug|Any CPU
		{3BD36A7B-6692-4984-AC15-323F47D23C4A}.Release|Any CPU.ActiveCfg = Release|Any CPU
		{3BD36A7B-6692-4984-AC15-323F47D23C4A}.Release|Any CPU.Build.0 = Release|Any CPU
		{1EFFAAEE-E02F-4CFA-B1CC-40C07190EFA8}.Debug|Any CPU.ActiveCfg = Debug|Any CPU
		{1EFFAAEE-E02F-4CFA-B1CC-40C07190EFA8}.Debug|Any CPU.Build.0 = Debug|Any CPU
		{1EFFAAEE-E02F-4CFA-B1CC-40C07190EFA8}.Release|Any CPU.ActiveCfg = Release|Any CPU
		{1EFFAAEE-E02F-4CFA-B1CC-40C07190EFA8}.Release|Any CPU.Build.0 = Release|Any CPU
	EndGlobalSection
	GlobalSection(SolutionProperties) = preSolution
		HideSolutionNode = FALSE
	EndGlobalSection
	GlobalSection(ExtensibilityGlobals) = postSolution
		SolutionGuid = {BA6CDB32-FE1E-4637-AF09-B7646FDBD005}
	EndGlobalSection
EndGlobal
